
Microsoft Visual Studio Solution File, Format Version 12.00
# Visual Studio 15
VisualStudioVersion = 15.0.28307.1401
MinimumVisualStudioVersion = 10.0.40219.1
Project("{FAE04EC0-301F-11D3-BF4B-00C04F79EFBC}") = "NEW Mfile Project", "NEW Mfile Project\NEW Mfile Project.csproj", "{45CDCC4F-4C9D-4C4F-8C12-C2F7C23E4130}"
EndProject
Global
	GlobalSection(SolutionConfigurationPlatforms) = preSolution
		Debug|Any CPU = Debug|Any CPU
		Release|Any CPU = Release|Any CPU
	EndGlobalSection
	GlobalSection(ProjectConfigurationPlatforms) = postSolution
		{45CDCC4F-4C9D-4C4F-8C12-C2F7C23E4130}.Debug|Any CPU.ActiveCfg = Debug|Any CPU
		{45CDCC4F-4C9D-4C4F-8C12-C2F7C23E4130}.Debug|Any CPU.Build.0 = Debug|Any CPU
		{45CDCC4F-4C9D-4C4F-8C12-C2F7C23E4130}.Release|Any CPU.ActiveCfg = Release|Any CPU
		{45CDCC4F-4C9D-4C4F-8C12-C2F7C23E4130}.Release|Any CPU.Build.0 = Release|Any CPU
	EndGlobalSection
	GlobalSection(SolutionProperties) = preSolution
		HideSolutionNode = FALSE
	EndGlobalSection
	GlobalSection(ExtensibilityGlobals) = postSolution
		SolutionGuid = {A8644750-9F82-4CC1-B67E-EA020DA4BD1C}
	EndGlobalSection
EndGlobal
